
Microsoft Visual Studio Solution File, Format Version 12.00
# Visual Studio Version 16
VisualStudioVersion = 16.0.29728.190
MinimumVisualStudioVersion = 10.0.40219.1
Project("{FAE04EC0-301F-11D3-BF4B-00C04F79EFBC}") = "IntroPOO", "IntroPOO.csproj", "{AE12E06A-E52C-4206-9975-F3C62657E5DB}"
EndProject
Global
	GlobalSection(SolutionConfigurationPlatforms) = preSolution
		Debug|Any CPU = Debug|Any CPU
		Release|Any CPU = Release|Any CPU
	EndGlobalSection
	GlobalSection(ProjectConfigurationPlatforms) = postSolution
		{AE12E06A-E52C-4206-9975-F3C62657E5DB}.Debug|Any CPU.ActiveCfg = Debug|Any CPU
		{AE12E06A-E52C-4206-9975-F3C62657E5DB}.Debug|Any CPU.Build.0 = Debug|Any CPU
		{AE12E06A-E52C-4206-9975-F3C62657E5DB}.Release|Any CPU.ActiveCfg = Release|Any CPU
		{AE12E06A-E52C-4206-9975-F3C62657E5DB}.Release|Any CPU.Build.0 = Release|Any CPU
	EndGlobalSection
	GlobalSection(SolutionProperties) = preSolution
		HideSolutionNode = FALSE
	EndGlobalSection
	GlobalSection(ExtensibilityGlobals) = postSolution
		SolutionGuid = {2A36EEA7-56D6-4B6F-BD43-5479FA9A5CEC}
	EndGlobalSection
EndGlobal
